
Microsoft Visual Studio Solution File, Format Version 12.00
# Visual Studio Version 16
VisualStudioVersion = 16.0.32901.82
MinimumVisualStudioVersion = 10.0.40219.1
Project("{FAE04EC0-301F-11D3-BF4B-00C04F79EFBC}") = "Sample-A", "Sample-A.csproj", "{F8505CB9-07F2-4273-A8E7-2493AEBC263A}"
EndProject
Global
	GlobalSection(SolutionConfigurationPlatforms) = preSolution
		Debug|Any CPU = Debug|Any CPU
		Release|Any CPU = Release|Any CPU
	EndGlobalSection
	GlobalSection(ProjectConfigurationPlatforms) = postSolution
		{F8505CB9-07F2-4273-A8E7-2493AEBC263A}.Debug|Any CPU.ActiveCfg = Debug|Any CPU
		{F8505CB9-07F2-4273-A8E7-2493AEBC263A}.Debug|Any CPU.Build.0 = Debug|Any CPU
		{F8505CB9-07F2-4273-A8E7-2493AEBC263A}.Release|Any CPU.ActiveCfg = Release|Any CPU
		{F8505CB9-07F2-4273-A8E7-2493AEBC263A}.Release|Any CPU.Build.0 = Release|Any CPU
	EndGlobalSection
	GlobalSection(SolutionProperties) = preSolution
		HideSolutionNode = FALSE
	EndGlobalSection
	GlobalSection(ExtensibilityGlobals) = postSolution
		SolutionGuid = {72060F4C-772B-4C59-AB17-30B6BD225C6A}
	EndGlobalSection
EndGlobal
