
Microsoft Visual Studio Solution File, Format Version 12.00
# Visual Studio Version 16
VisualStudioVersion = 16.0.32901.82
MinimumVisualStudioVersion = 10.0.40219.1
Project("{FAE04EC0-301F-11D3-BF4B-00C04F79EFBC}") = "ConnectwithDB", "ConnectwithDB\ConnectwithDB.csproj", "{CED4E2F0-9E6F-4956-8425-6DC2E63C568F}"
EndProject
Global
	GlobalSection(SolutionConfigurationPlatforms) = preSolution
		Debug|Any CPU = Debug|Any CPU
		Release|Any CPU = Release|Any CPU
	EndGlobalSection
	GlobalSection(ProjectConfigurationPlatforms) = postSolution
		{CED4E2F0-9E6F-4956-8425-6DC2E63C568F}.Debug|Any CPU.ActiveCfg = Debug|Any CPU
		{CED4E2F0-9E6F-4956-8425-6DC2E63C568F}.Debug|Any CPU.Build.0 = Debug|Any CPU
		{CED4E2F0-9E6F-4956-8425-6DC2E63C568F}.Release|Any CPU.ActiveCfg = Release|Any CPU
		{CED4E2F0-9E6F-4956-8425-6DC2E63C568F}.Release|Any CPU.Build.0 = Release|Any CPU
	EndGlobalSection
	GlobalSection(SolutionProperties) = preSolution
		HideSolutionNode = FALSE
	EndGlobalSection
	GlobalSection(ExtensibilityGlobals) = postSolution
		SolutionGuid = {12AD1D97-D492-41EF-88C4-4A4764A8D2B0}
	EndGlobalSection
EndGlobal
