
Microsoft Visual Studio Solution File, Format Version 12.00
# Visual Studio Version 16
VisualStudioVersion = 16.0.32901.82
MinimumVisualStudioVersion = 10.0.40219.1
Project("{FAE04EC0-301F-11D3-BF4B-00C04F79EFBC}") = "cgmodule", "cgmodule\cgmodule.csproj", "{BAF7E821-2FE9-4C0F-ADF8-CC38BCE3F374}"
EndProject
Global
	GlobalSection(SolutionConfigurationPlatforms) = preSolution
		Debug|Any CPU = Debug|Any CPU
		Release|Any CPU = Release|Any CPU
	EndGlobalSection
	GlobalSection(ProjectConfigurationPlatforms) = postSolution
		{BAF7E821-2FE9-4C0F-ADF8-CC38BCE3F374}.Debug|Any CPU.ActiveCfg = Debug|Any CPU
		{BAF7E821-2FE9-4C0F-ADF8-CC38BCE3F374}.Debug|Any CPU.Build.0 = Debug|Any CPU
		{BAF7E821-2FE9-4C0F-ADF8-CC38BCE3F374}.Release|Any CPU.ActiveCfg = Release|Any CPU
		{BAF7E821-2FE9-4C0F-ADF8-CC38BCE3F374}.Release|Any CPU.Build.0 = Release|Any CPU
	EndGlobalSection
	GlobalSection(SolutionProperties) = preSolution
		HideSolutionNode = FALSE
	EndGlobalSection
	GlobalSection(ExtensibilityGlobals) = postSolution
		SolutionGuid = {352612B9-59D7-4E79-9FE2-F195504E0737}
	EndGlobalSection
EndGlobal
